
Microsoft Visual Studio Solution File, Format Version 12.00
# Visual Studio Version 17
VisualStudioVersion = 17.7.34024.191
MinimumVisualStudioVersion = 10.0.40219.1
Project("{FAE04EC0-301F-11D3-BF4B-00C04F79EFBC}") = "ProjectMars1", "ProjectMars1\ProjectMars1.csproj", "{A5F853A9-B3F5-4C9A-89DE-C37321DC9504}"
EndProject
Global
	GlobalSection(SolutionConfigurationPlatforms) = preSolution
		Debug|Any CPU = Debug|Any CPU
		Release|Any CPU = Release|Any CPU
	EndGlobalSection
	GlobalSection(ProjectConfigurationPlatforms) = postSolution
		{A5F853A9-B3F5-4C9A-89DE-C37321DC9504}.Debug|Any CPU.ActiveCfg = Debug|Any CPU
		{A5F853A9-B3F5-4C9A-89DE-C37321DC9504}.Debug|Any CPU.Build.0 = Debug|Any CPU
		{A5F853A9-B3F5-4C9A-89DE-C37321DC9504}.Release|Any CPU.ActiveCfg = Release|Any CPU
		{A5F853A9-B3F5-4C9A-89DE-C37321DC9504}.Release|Any CPU.Build.0 = Release|Any CPU
	EndGlobalSection
	GlobalSection(SolutionProperties) = preSolution
		HideSolutionNode = FALSE
	EndGlobalSection
	GlobalSection(ExtensibilityGlobals) = postSolution
		SolutionGuid = {6FC5FB84-9B93-46AB-BEBB-462584928E1D}
	EndGlobalSection
EndGlobal
